{
    "_readme": [
        "This file locks the dependencies of your project to a known state",
        "Read more about it at https://getcomposer.org/doc/01-basic-usage.md#composer-lock-the-lock-file",
        "This file is @generated automatically"
    ],
    "hash": "eab05b273d32e76578678ef88dec11a5",
    "content-hash": "4f498b6a8be528b3125b0532ec9a6d70",
    "packages": [
        {
            "name": "phpexcel/phpexcel",
            "version": "v1.7.7",
            "source": {
                "type": "git",
                "url": "https://github.com/ddeboer/phpexcel.git",
                "reference": "de9c8871a87ce9be354d35f5e966dd65a0c7c6d2"
            },
            "dist": {
                "type": "zip",
                "url": "https://api.github.com/repos/ddeboer/phpexcel/zipball/de9c8871a87ce9be354d35f5e966dd65a0c7c6d2",
                "reference": "de9c8871a87ce9be354d35f5e966dd65a0c7c6d2",
                "shasum": ""
            },
            "require": {
                "php": ">5.2.0"
            },
            "type": "library",
            "autoload": {
                "psr-0": {
                    "PHPExcel": "Classes"
                }
            },
            "notification-url": "https://packagist.org/downloads/",
            "license": [
                "GNU"
            ],
            "description": "PHPExcel - OpenXML - Create Excel2007 documents in PHP - Spreadsheet engine",
            "homepage": "http://phpexcel.codeplex.com",
            "keywords": [
                "excel",
                "xls"
            ],
            "abandoned": "phpoffice/phpexcel",
            "time": "2012-09-04 18:29:37"
        }
    ],
    "packages-dev": [],
    "aliases": [],
    "minimum-stability": "stable",
    "stability-flags": [],
    "prefer-stable": false,
    "prefer-lowest": false,
    "platform": [],
    "platform-dev": []
}
